// !$*UTF8*$!
{
	archiveVersion = 1;
	classes = {
	};
	objectVersion = 56;
	objects = {

/* Begin PBXBuildFile section */
		D10000010000000000000001 /* INTTCApp.swift in Sources */ = {isa = PBXBuildFile; fileRef = D20000010000000000000001; };
		D10000020000000000000002 /* AppDelegate.swift in Sources */ = {isa = PBXBuildFile; fileRef = D20000020000000000000002; };
		D10000030000000000000003 /* TerminalApp.swift in Sources */ = {isa = PBXBuildFile; fileRef = D20000030000000000000003; };
		D10000040000000000000004 /* ClaudeSession.swift in Sources */ = {isa = PBXBuildFile; fileRef = D20000040000000000000004; };
		D10000050000000000000005 /* AppState.swift in Sources */ = {isa = PBXBuildFile; fileRef = D20000050000000000000005; };
		D10000060000000000000006 /* SessionScanner.swift in Sources */ = {isa = PBXBuildFile; fileRef = D20000060000000000000006; };
		D10000070000000000000007 /* TerminalDetector.swift in Sources */ = {isa = PBXBuildFile; fileRef = D20000070000000000000007; };
		D10000080000000000000008 /* WindowManager.swift in Sources */ = {isa = PBXBuildFile; fileRef = D20000080000000000000008; };
		D10000090000000000000009 /* ProcessManager.swift in Sources */ = {isa = PBXBuildFile; fileRef = D20000090000000000000009; };
		D1000010000000000000000A /* INTTCViewModel.swift in Sources */ = {isa = PBXBuildFile; fileRef = D2000010000000000000000A; };
		D1000011000000000000000B /* PopoverContentView.swift in Sources */ = {isa = PBXBuildFile; fileRef = D2000011000000000000000B; };
		D1000012000000000000000C /* MasterToggleView.swift in Sources */ = {isa = PBXBuildFile; fileRef = D2000012000000000000000C; };
		D1000013000000000000000D /* SessionCatalogView.swift in Sources */ = {isa = PBXBuildFile; fileRef = D2000013000000000000000D; };
		D1000014000000000000000E /* SettingsView.swift in Sources */ = {isa = PBXBuildFile; fileRef = D2000014000000000000000E; };
		D1000015000000000000000F /* SetupView.swift in Sources */ = {isa = PBXBuildFile; fileRef = D2000015000000000000000F; };
		D10000160000000000000010 /* FooterView.swift in Sources */ = {isa = PBXBuildFile; fileRef = D20000160000000000000010; };
		D10000170000000000000011 /* INTTCTheme.swift in Sources */ = {isa = PBXBuildFile; fileRef = D20000170000000000000011; };
		D10000180000000000000012 /* Assets.xcassets in Resources */ = {isa = PBXBuildFile; fileRef = D20000180000000000000012; };
/* End PBXBuildFile section */

/* Begin PBXFileReference section */
		D20000010000000000000001 /* INTTCApp.swift */ = {isa = PBXFileReference; lastKnownFileType = sourcecode.swift; path = INTTCApp.swift; sourceTree = "<group>"; };
		D20000020000000000000002 /* AppDelegate.swift */ = {isa = PBXFileReference; lastKnownFileType = sourcecode.swift; path = AppDelegate.swift; sourceTree = "<group>"; };
		D20000030000000000000003 /* TerminalApp.swift */ = {isa = PBXFileReference; lastKnownFileType = sourcecode.swift; path = TerminalApp.swift; sourceTree = "<group>"; };
		D20000040000000000000004 /* ClaudeSession.swift */ = {isa = PBXFileReference; lastKnownFileType = sourcecode.swift; path = ClaudeSession.swift; sourceTree = "<group>"; };
		D20000050000000000000005 /* AppState.swift */ = {isa = PBXFileReference; lastKnownFileType = sourcecode.swift; path = AppState.swift; sourceTree = "<group>"; };
		D20000060000000000000006 /* SessionScanner.swift */ = {isa = PBXFileReference; lastKnownFileType = sourcecode.swift; path = SessionScanner.swift; sourceTree = "<group>"; };
		D20000070000000000000007 /* TerminalDetector.swift */ = {isa = PBXFileReference; lastKnownFileType = sourcecode.swift; path = TerminalDetector.swift; sourceTree = "<group>"; };
		D20000080000000000000008 /* WindowManager.swift */ = {isa = PBXFileReference; lastKnownFileType = sourcecode.swift; path = WindowManager.swift; sourceTree = "<group>"; };
		D20000090000000000000009 /* ProcessManager.swift */ = {isa = PBXFileReference; lastKnownFileType = sourcecode.swift; path = ProcessManager.swift; sourceTree = "<group>"; };
		D2000010000000000000000A /* INTTCViewModel.swift */ = {isa = PBXFileReference; lastKnownFileType = sourcecode.swift; path = INTTCViewModel.swift; sourceTree = "<group>"; };
		D2000011000000000000000B /* PopoverContentView.swift */ = {isa = PBXFileReference; lastKnownFileType = sourcecode.swift; path = PopoverContentView.swift; sourceTree = "<group>"; };
		D2000012000000000000000C /* MasterToggleView.swift */ = {isa = PBXFileReference; lastKnownFileType = sourcecode.swift; path = MasterToggleView.swift; sourceTree = "<group>"; };
		D2000013000000000000000D /* SessionCatalogView.swift */ = {isa = PBXFileReference; lastKnownFileType = sourcecode.swift; path = SessionCatalogView.swift; sourceTree = "<group>"; };
		D2000014000000000000000E /* SettingsView.swift */ = {isa = PBXFileReference; lastKnownFileType = sourcecode.swift; path = SettingsView.swift; sourceTree = "<group>"; };
		D2000015000000000000000F /* SetupView.swift */ = {isa = PBXFileReference; lastKnownFileType = sourcecode.swift; path = SetupView.swift; sourceTree = "<group>"; };
		D20000160000000000000010 /* FooterView.swift */ = {isa = PBXFileReference; lastKnownFileType = sourcecode.swift; path = FooterView.swift; sourceTree = "<group>"; };
		D20000170000000000000011 /* INTTCTheme.swift */ = {isa = PBXFileReference; lastKnownFileType = sourcecode.swift; path = INTTCTheme.swift; sourceTree = "<group>"; };
		D20000180000000000000012 /* Assets.xcassets */ = {isa = PBXFileReference; lastKnownFileType = folder.assetcatalog; path = Assets.xcassets; sourceTree = "<group>"; };
		D20000190000000000000013 /* Info.plist */ = {isa = PBXFileReference; lastKnownFileType = text.plist.xml; path = Info.plist; sourceTree = "<group>"; };
		D30000010000000000000001 /* INTTC.app */ = {isa = PBXFileReference; explicitFileType = wrapper.application; includeInIndex = 0; path = INTTC.app; sourceTree = BUILT_PRODUCTS_DIR; };
/* End PBXFileReference section */

/* Begin PBXFrameworksBuildPhase section */
		D40000010000000000000001 /* Frameworks */ = {
			isa = PBXFrameworksBuildPhase;
			buildActionMask = 2147483647;
			files = (
			);
			runOnlyForDeploymentPostprocessing = 0;
		};
/* End PBXFrameworksBuildPhase section */

/* Begin PBXGroup section */
		D50000000000000000000000 = {
			isa = PBXGroup;
			children = (
				D50000010000000000000001 /* INTTC */,
				D50000020000000000000002 /* Products */,
			);
			sourceTree = "<group>";
		};
		D50000010000000000000001 /* INTTC */ = {
			isa = PBXGroup;
			children = (
				D50000030000000000000003 /* App */,
				D50000040000000000000004 /* Models */,
				D50000050000000000000005 /* Services */,
				D50000060000000000000006 /* ViewModels */,
				D50000070000000000000007 /* Views */,
				D50000080000000000000008 /* Theme */,
				D50000090000000000000009 /* Resources */,
				D20000190000000000000013 /* Info.plist */,
			);
			path = INTTC;
			sourceTree = "<group>";
		};
		D50000020000000000000002 /* Products */ = {
			isa = PBXGroup;
			children = (
				D30000010000000000000001 /* INTTC.app */,
			);
			name = Products;
			sourceTree = "<group>";
		};
		D50000030000000000000003 /* App */ = {
			isa = PBXGroup;
			children = (
				D20000010000000000000001 /* INTTCApp.swift */,
				D20000020000000000000002 /* AppDelegate.swift */,
			);
			path = App;
			sourceTree = "<group>";
		};
		D50000040000000000000004 /* Models */ = {
			isa = PBXGroup;
			children = (
				D20000030000000000000003 /* TerminalApp.swift */,
				D20000040000000000000004 /* ClaudeSession.swift */,
				D20000050000000000000005 /* AppState.swift */,
			);
			path = Models;
			sourceTree = "<group>";
		};
		D50000050000000000000005 /* Services */ = {
			isa = PBXGroup;
			children = (
				D20000060000000000000006 /* SessionScanner.swift */,
				D20000070000000000000007 /* TerminalDetector.swift */,
				D20000080000000000000008 /* WindowManager.swift */,
				D20000090000000000000009 /* ProcessManager.swift */,
			);
			path = Services;
			sourceTree = "<group>";
		};
		D50000060000000000000006 /* ViewModels */ = {
			isa = PBXGroup;
			children = (
				D2000010000000000000000A /* INTTCViewModel.swift */,
			);
			path = ViewModels;
			sourceTree = "<group>";
		};
		D50000070000000000000007 /* Views */ = {
			isa = PBXGroup;
			children = (
				D2000011000000000000000B /* PopoverContentView.swift */,
				D2000012000000000000000C /* MasterToggleView.swift */,
				D2000013000000000000000D /* SessionCatalogView.swift */,
				D2000014000000000000000E /* SettingsView.swift */,
				D2000015000000000000000F /* SetupView.swift */,
				D20000160000000000000010 /* FooterView.swift */,
			);
			path = Views;
			sourceTree = "<group>";
		};
		D50000080000000000000008 /* Theme */ = {
			isa = PBXGroup;
			children = (
				D20000170000000000000011 /* INTTCTheme.swift */,
			);
			path = Theme;
			sourceTree = "<group>";
		};
		D50000090000000000000009 /* Resources */ = {
			isa = PBXGroup;
			children = (
				D20000180000000000000012 /* Assets.xcassets */,
			);
			path = Resources;
			sourceTree = "<group>";
		};
/* End PBXGroup section */

/* Begin PBXNativeTarget section */
		D60000010000000000000001 /* INTTC */ = {
			isa = PBXNativeTarget;
			buildConfigurationList = D80000010000000000000001 /* Build configuration list for PBXNativeTarget "INTTC" */;
			buildPhases = (
				D70000010000000000000001 /* Sources */,
				D40000010000000000000001 /* Frameworks */,
				D70000020000000000000002 /* Resources */,
			);
			buildRules = (
			);
			dependencies = (
			);
			name = INTTC;
			productName = INTTC;
			productReference = D30000010000000000000001 /* INTTC.app */;
			productType = "com.apple.product-type.application";
		};
/* End PBXNativeTarget section */

/* Begin PBXProject section */
		D90000010000000000000001 /* Project object */ = {
			isa = PBXProject;
			attributes = {
				BuildIndependentTargetsInParallel = 1;
				LastSwiftUpdateCheck = 1500;
				LastUpgradeCheck = 1500;
				TargetAttributes = {
					D60000010000000000000001 = {
						CreatedOnToolsVersion = 15.0;
					};
				};
			};
			buildConfigurationList = D80000020000000000000002 /* Build configuration list for PBXProject "INTTC" */;
			compatibilityVersion = "Xcode 14.0";
			developmentRegion = en;
			hasScannedForEncodings = 0;
			knownRegions = (
				en,
				Base,
			);
			mainGroup = D50000000000000000000000;
			productRefGroup = D50000020000000000000002 /* Products */;
			projectDirPath = "";
			projectRoot = "";
			targets = (
				D60000010000000000000001 /* INTTC */,
			);
		};
/* End PBXProject section */

/* Begin PBXResourcesBuildPhase section */
		D70000020000000000000002 /* Resources */ = {
			isa = PBXResourcesBuildPhase;
			buildActionMask = 2147483647;
			files = (
				D10000180000000000000012 /* Assets.xcassets in Resources */,
			);
			runOnlyForDeploymentPostprocessing = 0;
		};
/* End PBXResourcesBuildPhase section */

/* Begin PBXSourcesBuildPhase section */
		D70000010000000000000001 /* Sources */ = {
			isa = PBXSourcesBuildPhase;
			buildActionMask = 2147483647;
			files = (
				D10000010000000000000001 /* INTTCApp.swift in Sources */,
				D10000020000000000000002 /* AppDelegate.swift in Sources */,
				D10000030000000000000003 /* TerminalApp.swift in Sources */,
				D10000040000000000000004 /* ClaudeSession.swift in Sources */,
				D10000050000000000000005 /* AppState.swift in Sources */,
				D10000060000000000000006 /* SessionScanner.swift in Sources */,
				D10000070000000000000007 /* TerminalDetector.swift in Sources */,
				D10000080000000000000008 /* WindowManager.swift in Sources */,
				D10000090000000000000009 /* ProcessManager.swift in Sources */,
				D1000010000000000000000A /* INTTCViewModel.swift in Sources */,
				D1000011000000000000000B /* PopoverContentView.swift in Sources */,
				D1000012000000000000000C /* MasterToggleView.swift in Sources */,
				D1000013000000000000000D /* SessionCatalogView.swift in Sources */,
				D1000014000000000000000E /* SettingsView.swift in Sources */,
				D1000015000000000000000F /* SetupView.swift in Sources */,
				D10000160000000000000010 /* FooterView.swift in Sources */,
				D10000170000000000000011 /* INTTCTheme.swift in Sources */,
			);
			runOnlyForDeploymentPostprocessing = 0;
		};
/* End PBXSourcesBuildPhase section */

/* Begin XCBuildConfiguration section */
		E10000010000000000000001 /* Debug */ = {
			isa = XCBuildConfiguration;
			buildSettings = {
				ALWAYS_SEARCH_USER_PATHS = NO;
				ASSETCATALOG_COMPILER_GENERATE_SWIFT_ASSET_SYMBOL_EXTENSIONS = YES;
				CLANG_ANALYZER_NONNULL = YES;
				CLANG_CXX_LANGUAGE_STANDARD = "gnu++20";
				CLANG_ENABLE_MODULES = YES;
				CLANG_ENABLE_OBJC_ARC = YES;
				COPY_PHASE_STRIP = NO;
				DEBUG_INFORMATION_FORMAT = dwarf;
				ENABLE_STRICT_OBJC_MSGSEND = YES;
				ENABLE_TESTABILITY = YES;
				GCC_DYNAMIC_NO_PIC = NO;
				GCC_OPTIMIZATION_LEVEL = 0;
				GCC_PREPROCESSOR_DEFINITIONS = (
					"DEBUG=1",
					"$(inherited)",
				);
				GCC_WARN_ABOUT_RETURN_TYPE = YES_ERROR;
				GCC_WARN_UNINITIALIZED_AUTOS = YES_AGGRESSIVE;
				MACOSX_DEPLOYMENT_TARGET = 13.0;
				MTL_ENABLE_DEBUG_INFO = INCLUDE_SOURCE;
				MTL_FAST_MATH = YES;
				ONLY_ACTIVE_ARCH = YES;
				SDKROOT = macosx;
				SWIFT_ACTIVE_COMPILATION_CONDITIONS = "DEBUG $(inherited)";
				SWIFT_OPTIMIZATION_LEVEL = "-Onone";
			};
			name = Debug;
		};
		E10000020000000000000002 /* Release */ = {
			isa = XCBuildConfiguration;
			buildSettings = {
				ALWAYS_SEARCH_USER_PATHS = NO;
				ASSETCATALOG_COMPILER_GENERATE_SWIFT_ASSET_SYMBOL_EXTENSIONS = YES;
				CLANG_ANALYZER_NONNULL = YES;
				CLANG_CXX_LANGUAGE_STANDARD = "gnu++20";
				CLANG_ENABLE_MODULES = YES;
				CLANG_ENABLE_OBJC_ARC = YES;
				COPY_PHASE_STRIP = NO;
				DEBUG_INFORMATION_FORMAT = "dwarf-with-dsym";
				ENABLE_NS_ASSERTIONS = NO;
				ENABLE_STRICT_OBJC_MSGSEND = YES;
				GCC_WARN_ABOUT_RETURN_TYPE = YES_ERROR;
				GCC_WARN_UNINITIALIZED_AUTOS = YES_AGGRESSIVE;
				MACOSX_DEPLOYMENT_TARGET = 13.0;
				MTL_ENABLE_DEBUG_INFO = NO;
				MTL_FAST_MATH = YES;
				SDKROOT = macosx;
				SWIFT_COMPILATION_MODE = wholemodule;
			};
			name = Release;
		};
		E10000030000000000000003 /* Debug */ = {
			isa = XCBuildConfiguration;
			buildSettings = {
				ASSETCATALOG_COMPILER_APPICON_NAME = AppIcon;
				CODE_SIGN_STYLE = Automatic;
				COMBINE_HIDPI_IMAGES = YES;
				CURRENT_PROJECT_VERSION = 1;
				GENERATE_INFOPLIST_FILE = YES;
				INFOPLIST_FILE = INTTC/Info.plist;
				INFOPLIST_KEY_LSUIElement = YES;
				INFOPLIST_KEY_NSMainNibFile = "";
				INFOPLIST_KEY_NSPrincipalClass = NSApplication;
				LD_RUNPATH_SEARCH_PATHS = (
					"$(inherited)",
					"@executable_path/../Frameworks",
				);
				MARKETING_VERSION = 0.1.0;
				PRODUCT_BUNDLE_IDENTIFIER = com.inttc.app;
				PRODUCT_NAME = "$(TARGET_NAME)";
				SWIFT_EMIT_LOC_STRINGS = YES;
				SWIFT_VERSION = 5.0;
			};
			name = Debug;
		};
		E10000040000000000000004 /* Release */ = {
			isa = XCBuildConfiguration;
			buildSettings = {
				ASSETCATALOG_COMPILER_APPICON_NAME = AppIcon;
				CODE_SIGN_STYLE = Automatic;
				COMBINE_HIDPI_IMAGES = YES;
				CURRENT_PROJECT_VERSION = 1;
				GENERATE_INFOPLIST_FILE = YES;
				INFOPLIST_FILE = INTTC/Info.plist;
				INFOPLIST_KEY_LSUIElement = YES;
				INFOPLIST_KEY_NSMainNibFile = "";
				INFOPLIST_KEY_NSPrincipalClass = NSApplication;
				LD_RUNPATH_SEARCH_PATHS = (
					"$(inherited)",
					"@executable_path/../Frameworks",
				);
				MARKETING_VERSION = 0.1.0;
				PRODUCT_BUNDLE_IDENTIFIER = com.inttc.app;
				PRODUCT_NAME = "$(TARGET_NAME)";
				SWIFT_EMIT_LOC_STRINGS = YES;
				SWIFT_VERSION = 5.0;
			};
			name = Release;
		};
/* End XCBuildConfiguration section */

/* Begin XCConfigurationList section */
		D80000010000000000000001 /* Build configuration list for PBXNativeTarget "INTTC" */ = {
			isa = XCConfigurationList;
			buildConfigurations = (
				E10000030000000000000003 /* Debug */,
				E10000040000000000000004 /* Release */,
			);
			defaultConfigurationIsVisible = 0;
			defaultConfigurationName = Release;
		};
		D80000020000000000000002 /* Build configuration list for PBXProject "INTTC" */ = {
			isa = XCConfigurationList;
			buildConfigurations = (
				E10000010000000000000001 /* Debug */,
				E10000020000000000000002 /* Release */,
			);
			defaultConfigurationIsVisible = 0;
			defaultConfigurationName = Release;
		};
/* End XCConfigurationList section */
	};
	rootObject = D90000010000000000000001 /* Project object */;
}
